// !$*UTF8*$!
{
	archiveVersion = 1;
	classes = {
	};
	objectVersion = 50;
	objects = {

/* Begin PBXBuildFile section */
		110C5A94247C41DD00004DFA /* EnableExtensionsViewController.swift in Sources */ = {isa = PBXBuildFile; fileRef = 110C5A93247C41DD00004DFA /* EnableExtensionsViewController.swift */; };
		110F510D247B7C9000D58266 /* DelegatingRecoverableError.swift in Sources */ = {isa = PBXBuildFile; fileRef = 110F510C247B7C9000D58266 /* DelegatingRecoverableError.swift */; };
		110FDE402499DB5E00AC5651 /* Whitelist.swift in Sources */ = {isa = PBXBuildFile; fileRef = 110FDE3F2499DB5E00AC5651 /* Whitelist.swift */; };
		110FDE412499DB6300AC5651 /* Whitelist.swift in Sources */ = {isa = PBXBuildFile; fileRef = 110FDE3F2499DB5E00AC5651 /* Whitelist.swift */; };
		110FDE422499DB6300AC5651 /* Whitelist.swift in Sources */ = {isa = PBXBuildFile; fileRef = 110FDE3F2499DB5E00AC5651 /* Whitelist.swift */; };
		110FEE0E2476D07100AA0B83 /* MessagingError.swift in Sources */ = {isa = PBXBuildFile; fileRef = 110FEE0D2476D07100AA0B83 /* MessagingError.swift */; };
		110FEE0F2476D07100AA0B83 /* MessagingError.swift in Sources */ = {isa = PBXBuildFile; fileRef = 110FEE0D2476D07100AA0B83 /* MessagingError.swift */; };
		110FEE102476D07100AA0B83 /* MessagingError.swift in Sources */ = {isa = PBXBuildFile; fileRef = 110FEE0D2476D07100AA0B83 /* MessagingError.swift */; };
		11161DC724A26EDA00F12B10 /* ContentBlockerRule.swift in Sources */ = {isa = PBXBuildFile; fileRef = 11161DC624A26EDA00F12B10 /* ContentBlockerRule.swift */; };
		11161DC924A271DA00F12B10 /* ContentBlockerProvider.swift in Sources */ = {isa = PBXBuildFile; fileRef = 11161DC824A271DA00F12B10 /* ContentBlockerProvider.swift */; };
		111C4DD3234A2ADD0034054C /* Setup.swift in Sources */ = {isa = PBXBuildFile; fileRef = 111C4DD2234A2ADD0034054C /* Setup.swift */; };
		111C4DD4234A2ADD0034054C /* Setup.swift in Sources */ = {isa = PBXBuildFile; fileRef = 111C4DD2234A2ADD0034054C /* Setup.swift */; };
		111C4DD5234A2ADD0034054C /* Setup.swift in Sources */ = {isa = PBXBuildFile; fileRef = 111C4DD2234A2ADD0034054C /* Setup.swift */; };
		111C4DD7234A2D040034054C /* Info.swift in Sources */ = {isa = PBXBuildFile; fileRef = 111C4DD6234A2D040034054C /* Info.swift */; };
		111C4DD8234A2D040034054C /* Info.swift in Sources */ = {isa = PBXBuildFile; fileRef = 111C4DD6234A2D040034054C /* Info.swift */; };
		111C4DD9234A2D040034054C /* Info.swift in Sources */ = {isa = PBXBuildFile; fileRef = 111C4DD6234A2D040034054C /* Info.swift */; };
		111C4DDC234A46C10034054C /* shutup.css in Resources */ = {isa = PBXBuildFile; fileRef = 111C4DDB234A46C10034054C /* shutup.css */; };
		111C4DDD234A46C10034054C /* shutup.css in Resources */ = {isa = PBXBuildFile; fileRef = 111C4DDB234A46C10034054C /* shutup.css */; };
		111C4DDE234A46C10034054C /* shutup.css in Resources */ = {isa = PBXBuildFile; fileRef = 111C4DDB234A46C10034054C /* shutup.css */; };
		111C4DE0234A47180034054C /* domain-whitelist.json in Resources */ = {isa = PBXBuildFile; fileRef = 111C4DDF234A47180034054C /* domain-whitelist.json */; };
		111C4DE1234A47180034054C /* domain-whitelist.json in Resources */ = {isa = PBXBuildFile; fileRef = 111C4DDF234A47180034054C /* domain-whitelist.json */; };
		111C4DE2234A47180034054C /* domain-whitelist.json in Resources */ = {isa = PBXBuildFile; fileRef = 111C4DDF234A47180034054C /* domain-whitelist.json */; };
		112A8127248C78D20077AA4B /* AppDelegate.swift in Sources */ = {isa = PBXBuildFile; fileRef = 112A8126248C78D20077AA4B /* AppDelegate.swift */; };
		112A812B248C78D30077AA4B /* Assets.xcassets in Resources */ = {isa = PBXBuildFile; fileRef = 112A812A248C78D30077AA4B /* Assets.xcassets */; };
		112A8135248C79DA0077AA4B /* MainMenu.xib in Resources */ = {isa = PBXBuildFile; fileRef = 112A8134248C79DA0077AA4B /* MainMenu.xib */; };
		112C6B82247C669A00278E1A /* WelcomePageController.swift in Sources */ = {isa = PBXBuildFile; fileRef = 112C6B81247C669A00278E1A /* WelcomePageController.swift */; };
		11358189236FCB0F00BF7617 /* Links.swift in Sources */ = {isa = PBXBuildFile; fileRef = 11358188236FCB0F00BF7617 /* Links.swift */; };
		113CAF73247B08AD00311C57 /* WelcomeViewController.swift in Sources */ = {isa = PBXBuildFile; fileRef = 113CAF72247B08AD00311C57 /* WelcomeViewController.swift */; };
		114F8BDC2498928400FD05C7 /* MobileAppViewController.swift in Sources */ = {isa = PBXBuildFile; fileRef = 114F8BDB2498928400FD05C7 /* MobileAppViewController.swift */; };
		1160244624906B2700221428 /* RelativeTime.swift in Sources */ = {isa = PBXBuildFile; fileRef = 1160244524906B2700221428 /* RelativeTime.swift */; };
		117578622355876000827387 /* SetupModalController.swift in Sources */ = {isa = PBXBuildFile; fileRef = 117578612355876000827387 /* SetupModalController.swift */; };
		119742CF2478DC94000AFA2D /* Stylesheet.swift in Sources */ = {isa = PBXBuildFile; fileRef = 119742CE2478DC94000AFA2D /* Stylesheet.swift */; };
		119742D02478DC94000AFA2D /* Stylesheet.swift in Sources */ = {isa = PBXBuildFile; fileRef = 119742CE2478DC94000AFA2D /* Stylesheet.swift */; };
		119742D12478DC94000AFA2D /* Stylesheet.swift in Sources */ = {isa = PBXBuildFile; fileRef = 119742CE2478DC94000AFA2D /* Stylesheet.swift */; };
		1197B4AF2496A8290072B074 /* PreferencesExtension.swift in Sources */ = {isa = PBXBuildFile; fileRef = 1197B4AE2496A8290072B074 /* PreferencesExtension.swift */; };
		1197B4B12496A8A00072B074 /* StylesheetExtension.swift in Sources */ = {isa = PBXBuildFile; fileRef = 1197B4B02496A8A00072B074 /* StylesheetExtension.swift */; };
		1197B4B42496A8C10072B074 /* WhitelistExtension.swift in Sources */ = {isa = PBXBuildFile; fileRef = 1197B4B32496A8C10072B074 /* WhitelistExtension.swift */; };
		1197B4B62496A9080072B074 /* BrowserExtension.swift in Sources */ = {isa = PBXBuildFile; fileRef = 1197B4B52496A9080072B074 /* BrowserExtension.swift */; };
		11A34D562354E9D70008F0CA /* Crypto.swift in Sources */ = {isa = PBXBuildFile; fileRef = 11A34D552354E9D70008F0CA /* Crypto.swift */; };
		11A34D572354E9D70008F0CA /* Crypto.swift in Sources */ = {isa = PBXBuildFile; fileRef = 11A34D552354E9D70008F0CA /* Crypto.swift */; };
		11A34D582354E9D70008F0CA /* Crypto.swift in Sources */ = {isa = PBXBuildFile; fileRef = 11A34D552354E9D70008F0CA /* Crypto.swift */; };
		11B920FE247D51760002C430 /* BrowserBridge.swift in Sources */ = {isa = PBXBuildFile; fileRef = 11B920FD247D51760002C430 /* BrowserBridge.swift */; };
		11B92100247D6F520002C430 /* DefaultBrowserViewController.swift in Sources */ = {isa = PBXBuildFile; fileRef = 11B920FF247D6F520002C430 /* DefaultBrowserViewController.swift */; };
		11C17A0D248C941700D2A164 /* Preferences.swift in Sources */ = {isa = PBXBuildFile; fileRef = 11EF35702479F12000D5EFD2 /* Preferences.swift */; };
		11C17A0E248C995200D2A164 /* Info.swift in Sources */ = {isa = PBXBuildFile; fileRef = 111C4DD6234A2D040034054C /* Info.swift */; };
		11C17A13248CA1F000D2A164 /* DebugToolsController.swift in Sources */ = {isa = PBXBuildFile; fileRef = 11C17A11248CA1F000D2A164 /* DebugToolsController.swift */; };
		11D5E7E52495B5B4000FBE99 /* AddDomainCell.swift in Sources */ = {isa = PBXBuildFile; fileRef = 11D5E7E42495B5B4000FBE99 /* AddDomainCell.swift */; };
		11E225A5248CAEA600672115 /* KeychainTableController.swift in Sources */ = {isa = PBXBuildFile; fileRef = 11E225A4248CAEA600672115 /* KeychainTableController.swift */; };
		11E4B0B3246D0EF3007340A4 /* EncryptedFile.swift in Sources */ = {isa = PBXBuildFile; fileRef = 11E4B0B2246D0EF3007340A4 /* EncryptedFile.swift */; };
		11E4B0B4246D0EF3007340A4 /* EncryptedFile.swift in Sources */ = {isa = PBXBuildFile; fileRef = 11E4B0B2246D0EF3007340A4 /* EncryptedFile.swift */; };
		11E4B0B5246D0EF3007340A4 /* EncryptedFile.swift in Sources */ = {isa = PBXBuildFile; fileRef = 11E4B0B2246D0EF3007340A4 /* EncryptedFile.swift */; };
		11E581D3231DB6FC00910010 /* AppDelegate.swift in Sources */ = {isa = PBXBuildFile; fileRef = 11E581D2231DB6FC00910010 /* AppDelegate.swift */; };
		11E581D6231DB6FC00910010 /* Main.storyboard in Resources */ = {isa = PBXBuildFile; fileRef = 11E581D4231DB6FC00910010 /* Main.storyboard */; };
		11E581D8231DB6FC00910010 /* MainViewController.swift in Sources */ = {isa = PBXBuildFile; fileRef = 11E581D7231DB6FC00910010 /* MainViewController.swift */; };
		11E581DA231DB6FD00910010 /* Assets.xcassets in Resources */ = {isa = PBXBuildFile; fileRef = 11E581D9231DB6FD00910010 /* Assets.xcassets */; };
		11E581E1231DB6FD00910010 /* Shut Up Helper.appex in Embed App Extensions */ = {isa = PBXBuildFile; fileRef = 11E581E0231DB6FD00910010 /* Shut Up Helper.appex */; settings = {ATTRIBUTES = (RemoveHeadersOnCopy, ); }; };
		11E581E6231DB6FD00910010 /* Cocoa.framework in Frameworks */ = {isa = PBXBuildFile; fileRef = 11E581E5231DB6FD00910010 /* Cocoa.framework */; };
		11E581E9231DB6FD00910010 /* SafariExtensionHandler.swift in Sources */ = {isa = PBXBuildFile; fileRef = 11E581E8231DB6FD00910010 /* SafariExtensionHandler.swift */; };
		11E58203231DB82E00910010 /* Cocoa.framework in Frameworks */ = {isa = PBXBuildFile; fileRef = 11E581E5231DB6FD00910010 /* Cocoa.framework */; };
		11E58208231DB82E00910010 /* ContentBlockerRequestHandler.swift in Sources */ = {isa = PBXBuildFile; fileRef = 11E58207231DB82E00910010 /* ContentBlockerRequestHandler.swift */; };
		11E5820D231DB82E00910010 /* Shut Up Core.appex in Embed App Extensions */ = {isa = PBXBuildFile; fileRef = 11E58202231DB82E00910010 /* Shut Up Core.appex */; settings = {ATTRIBUTES = (RemoveHeadersOnCopy, ); }; };
		11E58219231DFDA100910010 /* turn-off.pdf in Resources */ = {isa = PBXBuildFile; fileRef = 11E58217231DFDA100910010 /* turn-off.pdf */; };
		11E5821A231DFDA100910010 /* turn-on.pdf in Resources */ = {isa = PBXBuildFile; fileRef = 11E58218231DFDA100910010 /* turn-on.pdf */; };
		11EF35712479F12000D5EFD2 /* Preferences.swift in Sources */ = {isa = PBXBuildFile; fileRef = 11EF35702479F12000D5EFD2 /* Preferences.swift */; };
		11EF35722479F12000D5EFD2 /* Preferences.swift in Sources */ = {isa = PBXBuildFile; fileRef = 11EF35702479F12000D5EFD2 /* Preferences.swift */; };
		11EF35732479F12000D5EFD2 /* Preferences.swift in Sources */ = {isa = PBXBuildFile; fileRef = 11EF35702479F12000D5EFD2 /* Preferences.swift */; };
		11F288F0235CE20B00DEBCE5 /* MainWindowController.swift in Sources */ = {isa = PBXBuildFile; fileRef = 11F288EF235CE20B00DEBCE5 /* MainWindowController.swift */; };
		11F903B92470F96D0012051C /* LockFile.swift in Sources */ = {isa = PBXBuildFile; fileRef = 11F903B82470F96D0012051C /* LockFile.swift */; };
		11F903BA2470F96D0012051C /* LockFile.swift in Sources */ = {isa = PBXBuildFile; fileRef = 11F903B82470F96D0012051C /* LockFile.swift */; };
		11F903BB2470F96D0012051C /* LockFile.swift in Sources */ = {isa = PBXBuildFile; fileRef = 11F903B82470F96D0012051C /* LockFile.swift */; };
		11FD0C26235D10FE00FC0587 /* LargeBubbleImageView.swift in Sources */ = {isa = PBXBuildFile; fileRef = 11FD0C25235D10FE00FC0587 /* LargeBubbleImageView.swift */; };
/* End PBXBuildFile section */

/* Begin PBXContainerItemProxy section */
		11E581E2231DB6FD00910010 /* PBXContainerItemProxy */ = {
			isa = PBXContainerItemProxy;
			containerPortal = 11E581C5231DB6FC00910010 /* Project object */;
			proxyType = 1;
			remoteGlobalIDString = 11E581DF231DB6FD00910010;
			remoteInfo = "shutup Extension";
		};
		11E5820B231DB82E00910010 /* PBXContainerItemProxy */ = {
			isa = PBXContainerItemProxy;
			containerPortal = 11E581C5231DB6FC00910010 /* Project object */;
			proxyType = 1;
			remoteGlobalIDString = 11E58201231DB82E00910010;
			remoteInfo = blocker;
		};
/* End PBXContainerItemProxy section */

/* Begin PBXCopyFilesBuildPhase section */
		11E581FA231DB6FD00910010 /* Embed App Extensions */ = {
			isa = PBXCopyFilesBuildPhase;
			buildActionMask = 2147483647;
			dstPath = "";
			dstSubfolderSpec = 13;
			files = (
				11E581E1231DB6FD00910010 /* Shut Up Helper.appex in Embed App Extensions */,
				11E5820D231DB82E00910010 /* Shut Up Core.appex in Embed App Extensions */,
			);
			name = "Embed App Extensions";
			runOnlyForDeploymentPostprocessing = 0;
		};
/* End PBXCopyFilesBuildPhase section */

/* Begin PBXFileReference section */
		110C5A93247C41DD00004DFA /* EnableExtensionsViewController.swift */ = {isa = PBXFileReference; lastKnownFileType = sourcecode.swift; path = EnableExtensionsViewController.swift; sourceTree = "<group>"; };
		110F510C247B7C9000D58266 /* DelegatingRecoverableError.swift */ = {isa = PBXFileReference; lastKnownFileType = sourcecode.swift; name = DelegatingRecoverableError.swift; path = "Shut Up/Models/DelegatingRecoverableError.swift"; sourceTree = SOURCE_ROOT; };
		110FDE3F2499DB5E00AC5651 /* Whitelist.swift */ = {isa = PBXFileReference; lastKnownFileType = sourcecode.swift; path = Whitelist.swift; sourceTree = "<group>"; };
		110FEE0D2476D07100AA0B83 /* MessagingError.swift */ = {isa = PBXFileReference; lastKnownFileType = sourcecode.swift; path = MessagingError.swift; sourceTree = "<group>"; };
		11161DC624A26EDA00F12B10 /* ContentBlockerRule.swift */ = {isa = PBXFileReference; lastKnownFileType = sourcecode.swift; path = ContentBlockerRule.swift; sourceTree = "<group>"; };
		11161DC824A271DA00F12B10 /* ContentBlockerProvider.swift */ = {isa = PBXFileReference; lastKnownFileType = sourcecode.swift; path = ContentBlockerProvider.swift; sourceTree = "<group>"; };
		111C4DD2234A2ADD0034054C /* Setup.swift */ = {isa = PBXFileReference; lastKnownFileType = sourcecode.swift; path = Setup.swift; sourceTree = "<group>"; };
		111C4DD6234A2D040034054C /* Info.swift */ = {isa = PBXFileReference; lastKnownFileType = sourcecode.swift; path = Info.swift; sourceTree = "<group>"; };
		111C4DDB234A46C10034054C /* shutup.css */ = {isa = PBXFileReference; lastKnownFileType = text.css; path = shutup.css; sourceTree = "<group>"; };
		111C4DDF234A47180034054C /* domain-whitelist.json */ = {isa = PBXFileReference; lastKnownFileType = text.json; path = "domain-whitelist.json"; sourceTree = "<group>"; };
		112A8124248C78D20077AA4B /* Shut Up Debug Tools.app */ = {isa = PBXFileReference; explicitFileType = wrapper.application; includeInIndex = 0; path = "Shut Up Debug Tools.app"; sourceTree = BUILT_PRODUCTS_DIR; };
		112A8126248C78D20077AA4B /* AppDelegate.swift */ = {isa = PBXFileReference; lastKnownFileType = sourcecode.swift; path = AppDelegate.swift; sourceTree = "<group>"; };
		112A812A248C78D30077AA4B /* Assets.xcassets */ = {isa = PBXFileReference; lastKnownFileType = folder.assetcatalog; path = Assets.xcassets; sourceTree = "<group>"; };
		112A812F248C78D30077AA4B /* Info.plist */ = {isa = PBXFileReference; lastKnownFileType = text.plist.xml; path = Info.plist; sourceTree = "<group>"; };
		112A8130248C78D30077AA4B /* Debug_Tools.entitlements */ = {isa = PBXFileReference; lastKnownFileType = text.plist.entitlements; path = Debug_Tools.entitlements; sourceTree = "<group>"; };
		112A8134248C79DA0077AA4B /* MainMenu.xib */ = {isa = PBXFileReference; lastKnownFileType = file.xib; path = MainMenu.xib; sourceTree = "<group>"; };
		112C6B81247C669A00278E1A /* WelcomePageController.swift */ = {isa = PBXFileReference; lastKnownFileType = sourcecode.swift; path = WelcomePageController.swift; sourceTree = "<group>"; };
		11358188236FCB0F00BF7617 /* Links.swift */ = {isa = PBXFileReference; lastKnownFileType = sourcecode.swift; path = Links.swift; sourceTree = "<group>"; };
		113CAF72247B08AD00311C57 /* WelcomeViewController.swift */ = {isa = PBXFileReference; lastKnownFileType = sourcecode.swift; path = WelcomeViewController.swift; sourceTree = "<group>"; };
		114F8BDB2498928400FD05C7 /* MobileAppViewController.swift */ = {isa = PBXFileReference; lastKnownFileType = sourcecode.swift; name = MobileAppViewController.swift; path = "Shut Up/Controllers/MobileAppViewController.swift"; sourceTree = SOURCE_ROOT; };
		1160244524906B2700221428 /* RelativeTime.swift */ = {isa = PBXFileReference; lastKnownFileType = sourcecode.swift; path = RelativeTime.swift; sourceTree = "<group>"; };
		117578612355876000827387 /* SetupModalController.swift */ = {isa = PBXFileReference; lastKnownFileType = sourcecode.swift; path = SetupModalController.swift; sourceTree = "<group>"; };
		119742CE2478DC94000AFA2D /* Stylesheet.swift */ = {isa = PBXFileReference; lastKnownFileType = sourcecode.swift; path = Stylesheet.swift; sourceTree = "<group>"; };
		1197B4AE2496A8290072B074 /* PreferencesExtension.swift */ = {isa = PBXFileReference; lastKnownFileType = sourcecode.swift; path = PreferencesExtension.swift; sourceTree = "<group>"; };
		1197B4B02496A8A00072B074 /* StylesheetExtension.swift */ = {isa = PBXFileReference; lastKnownFileType = sourcecode.swift; path = StylesheetExtension.swift; sourceTree = "<group>"; };
		1197B4B32496A8C10072B074 /* WhitelistExtension.swift */ = {isa = PBXFileReference; lastKnownFileType = sourcecode.swift; path = WhitelistExtension.swift; sourceTree = "<group>"; };
		1197B4B52496A9080072B074 /* BrowserExtension.swift */ = {isa = PBXFileReference; lastKnownFileType = sourcecode.swift; path = BrowserExtension.swift; sourceTree = "<group>"; };
		11A34D552354E9D70008F0CA /* Crypto.swift */ = {isa = PBXFileReference; lastKnownFileType = sourcecode.swift; path = Crypto.swift; sourceTree = "<group>"; };
		11B920FD247D51760002C430 /* BrowserBridge.swift */ = {isa = PBXFileReference; lastKnownFileType = sourcecode.swift; path = BrowserBridge.swift; sourceTree = "<group>"; };
		11B920FF247D6F520002C430 /* DefaultBrowserViewController.swift */ = {isa = PBXFileReference; lastKnownFileType = sourcecode.swift; path = DefaultBrowserViewController.swift; sourceTree = "<group>"; };
		11C17A11248CA1F000D2A164 /* DebugToolsController.swift */ = {isa = PBXFileReference; lastKnownFileType = sourcecode.swift; path = DebugToolsController.swift; sourceTree = "<group>"; };
		11D5E7E42495B5B4000FBE99 /* AddDomainCell.swift */ = {isa = PBXFileReference; lastKnownFileType = sourcecode.swift; path = AddDomainCell.swift; sourceTree = "<group>"; };
		11E225A4248CAEA600672115 /* KeychainTableController.swift */ = {isa = PBXFileReference; lastKnownFileType = sourcecode.swift; path = KeychainTableController.swift; sourceTree = "<group>"; };
		11E4B0B2246D0EF3007340A4 /* EncryptedFile.swift */ = {isa = PBXFileReference; lastKnownFileType = sourcecode.swift; path = EncryptedFile.swift; sourceTree = "<group>"; };
		11E581CD231DB6FC00910010 /* Shut Up.app */ = {isa = PBXFileReference; explicitFileType = wrapper.application; includeInIndex = 0; path = "Shut Up.app"; sourceTree = BUILT_PRODUCTS_DIR; };
		11E581D0231DB6FC00910010 /* Shut Up.entitlements */ = {isa = PBXFileReference; lastKnownFileType = text.plist.entitlements; path = "Shut Up.entitlements"; sourceTree = "<group>"; };
		11E581D2231DB6FC00910010 /* AppDelegate.swift */ = {isa = PBXFileReference; lastKnownFileType = sourcecode.swift; path = AppDelegate.swift; sourceTree = "<group>"; };
		11E581D5231DB6FC00910010 /* Base */ = {isa = PBXFileReference; lastKnownFileType = file.storyboard; name = Base; path = Base.lproj/Main.storyboard; sourceTree = "<group>"; };
		11E581D7231DB6FC00910010 /* MainViewController.swift */ = {isa = PBXFileReference; lastKnownFileType = sourcecode.swift; path = MainViewController.swift; sourceTree = "<group>"; };
		11E581D9231DB6FD00910010 /* Assets.xcassets */ = {isa = PBXFileReference; lastKnownFileType = folder.assetcatalog; path = Assets.xcassets; sourceTree = "<group>"; };
		11E581DB231DB6FD00910010 /* Info.plist */ = {isa = PBXFileReference; lastKnownFileType = text.plist.xml; path = Info.plist; sourceTree = "<group>"; };
		11E581E0231DB6FD00910010 /* Shut Up Helper.appex */ = {isa = PBXFileReference; explicitFileType = "wrapper.app-extension"; includeInIndex = 0; path = "Shut Up Helper.appex"; sourceTree = BUILT_PRODUCTS_DIR; };
		11E581E5231DB6FD00910010 /* Cocoa.framework */ = {isa = PBXFileReference; lastKnownFileType = wrapper.framework; name = Cocoa.framework; path = System/Library/Frameworks/Cocoa.framework; sourceTree = SDKROOT; };
		11E581E8231DB6FD00910010 /* SafariExtensionHandler.swift */ = {isa = PBXFileReference; lastKnownFileType = sourcecode.swift; path = SafariExtensionHandler.swift; sourceTree = "<group>"; };
		11E581EF231DB6FD00910010 /* Info.plist */ = {isa = PBXFileReference; lastKnownFileType = text.plist.xml; path = Info.plist; sourceTree = "<group>"; };
		11E581F4231DB6FD00910010 /* Shut Up Helper.entitlements */ = {isa = PBXFileReference; lastKnownFileType = text.plist.entitlements; path = "Shut Up Helper.entitlements"; sourceTree = "<group>"; };
		11E58202231DB82E00910010 /* Shut Up Core.appex */ = {isa = PBXFileReference; explicitFileType = "wrapper.app-extension"; includeInIndex = 0; path = "Shut Up Core.appex"; sourceTree = BUILT_PRODUCTS_DIR; };
		11E58207231DB82E00910010 /* ContentBlockerRequestHandler.swift */ = {isa = PBXFileReference; lastKnownFileType = sourcecode.swift; path = ContentBlockerRequestHandler.swift; sourceTree = "<group>"; };
		11E58209231DB82E00910010 /* Info.plist */ = {isa = PBXFileReference; lastKnownFileType = text.plist.xml; path = Info.plist; sourceTree = "<group>"; };
		11E5820A231DB82E00910010 /* Shut Up Core.entitlements */ = {isa = PBXFileReference; lastKnownFileType = text.plist.entitlements; path = "Shut Up Core.entitlements"; sourceTree = "<group>"; };
		11E58217231DFDA100910010 /* turn-off.pdf */ = {isa = PBXFileReference; lastKnownFileType = image.pdf; path = "turn-off.pdf"; sourceTree = "<group>"; };
		11E58218231DFDA100910010 /* turn-on.pdf */ = {isa = PBXFileReference; lastKnownFileType = image.pdf; path = "turn-on.pdf"; sourceTree = "<group>"; };
		11EF35702479F12000D5EFD2 /* Preferences.swift */ = {isa = PBXFileReference; lastKnownFileType = sourcecode.swift; path = Preferences.swift; sourceTree = "<group>"; };
		11F288EF235CE20B00DEBCE5 /* MainWindowController.swift */ = {isa = PBXFileReference; lastKnownFileType = sourcecode.swift; path = MainWindowController.swift; sourceTree = "<group>"; };
		11F903B82470F96D0012051C /* LockFile.swift */ = {isa = PBXFileReference; lastKnownFileType = sourcecode.swift; path = LockFile.swift; sourceTree = "<group>"; };
		11FD0C25235D10FE00FC0587 /* LargeBubbleImageView.swift */ = {isa = PBXFileReference; lastKnownFileType = sourcecode.swift; path = LargeBubbleImageView.swift; sourceTree = "<group>"; };
/* End PBXFileReference section */

/* Begin PBXFrameworksBuildPhase section */
		112A8121248C78D20077AA4B /* Frameworks */ = {
			isa = PBXFrameworksBuildPhase;
			buildActionMask = 2147483647;
			files = (
			);
			runOnlyForDeploymentPostprocessing = 0;
		};
		11E581CA231DB6FC00910010 /* Frameworks */ = {
			isa = PBXFrameworksBuildPhase;
			buildActionMask = 2147483647;
			files = (
			);
			runOnlyForDeploymentPostprocessing = 0;
		};
		11E581DD231DB6FD00910010 /* Frameworks */ = {
			isa = PBXFrameworksBuildPhase;
			buildActionMask = 2147483647;
			files = (
				11E581E6231DB6FD00910010 /* Cocoa.framework in Frameworks */,
			);
			runOnlyForDeploymentPostprocessing = 0;
		};
		11E581FF231DB82E00910010 /* Frameworks */ = {
			isa = PBXFrameworksBuildPhase;
			buildActionMask = 2147483647;
			files = (
				11E58203231DB82E00910010 /* Cocoa.framework in Frameworks */,
			);
			runOnlyForDeploymentPostprocessing = 0;
		};
/* End PBXFrameworksBuildPhase section */

/* Begin PBXGroup section */
		111C4DD1234A2A9B0034054C /* Shared */ = {
			isa = PBXGroup;
			children = (
				111C4DDA234A461D0034054C /* Base Files */,
				111C4DD2234A2ADD0034054C /* Setup.swift */,
				11EF35702479F12000D5EFD2 /* Preferences.swift */,
				119742CE2478DC94000AFA2D /* Stylesheet.swift */,
				110FDE3F2499DB5E00AC5651 /* Whitelist.swift */,
				11A34D552354E9D70008F0CA /* Crypto.swift */,
				11E4B0B2246D0EF3007340A4 /* EncryptedFile.swift */,
				110FEE0D2476D07100AA0B83 /* MessagingError.swift */,
				11F903B82470F96D0012051C /* LockFile.swift */,
				111C4DD6234A2D040034054C /* Info.swift */,
			);
			path = Shared;
			sourceTree = "<group>";
		};
		111C4DDA234A461D0034054C /* Base Files */ = {
			isa = PBXGroup;
			children = (
				111C4DDB234A46C10034054C /* shutup.css */,
				111C4DDF234A47180034054C /* domain-whitelist.json */,
			);
			path = "Base Files";
			sourceTree = "<group>";
		};
		112A8125248C78D20077AA4B /* Debug Tools */ = {
			isa = PBXGroup;
			children = (
				112A8126248C78D20077AA4B /* AppDelegate.swift */,
				11C17A11248CA1F000D2A164 /* DebugToolsController.swift */,
				11E225A4248CAEA600672115 /* KeychainTableController.swift */,
				112A8134248C79DA0077AA4B /* MainMenu.xib */,
				112A812A248C78D30077AA4B /* Assets.xcassets */,
				112A812F248C78D30077AA4B /* Info.plist */,
				112A8130248C78D30077AA4B /* Debug_Tools.entitlements */,
			);
			path = "Debug Tools";
			sourceTree = "<group>";
		};
		116BEFFC247C34620099EE0F /* Welcome */ = {
			isa = PBXGroup;
			children = (
				117578612355876000827387 /* SetupModalController.swift */,
				112C6B81247C669A00278E1A /* WelcomePageController.swift */,
				113CAF72247B08AD00311C57 /* WelcomeViewController.swift */,
				11B920FF247D6F520002C430 /* DefaultBrowserViewController.swift */,
				110C5A93247C41DD00004DFA /* EnableExtensionsViewController.swift */,
			);
			path = Welcome;
			sourceTree = "<group>";
		};
		1197B4AD2496A8100072B074 /* MainViewController Extensions */ = {
			isa = PBXGroup;
			children = (
				1197B4B52496A9080072B074 /* BrowserExtension.swift */,
				1197B4AE2496A8290072B074 /* PreferencesExtension.swift */,
				1197B4B02496A8A00072B074 /* StylesheetExtension.swift */,
				1197B4B32496A8C10072B074 /* WhitelistExtension.swift */,
			);
			path = "MainViewController Extensions";
			sourceTree = "<group>";
		};
		11D5E7E12495B4F8000FBE99 /* Models */ = {
			isa = PBXGroup;
			children = (
				11B920FD247D51760002C430 /* BrowserBridge.swift */,
				110F510C247B7C9000D58266 /* DelegatingRecoverableError.swift */,
				11358188236FCB0F00BF7617 /* Links.swift */,
				1160244524906B2700221428 /* RelativeTime.swift */,
			);
			path = Models;
			sourceTree = "<group>";
		};
		11D5E7E22495B550000FBE99 /* Views */ = {
			isa = PBXGroup;
			children = (
				11E581D4231DB6FC00910010 /* Main.storyboard */,
				11D5E7E42495B5B4000FBE99 /* AddDomainCell.swift */,
				11FD0C25235D10FE00FC0587 /* LargeBubbleImageView.swift */,
			);
			path = Views;
			sourceTree = "<group>";
		};
		11D5E7E32495B557000FBE99 /* Controllers */ = {
			isa = PBXGroup;
			children = (
				11F288EF235CE20B00DEBCE5 /* MainWindowController.swift */,
				11E581D7231DB6FC00910010 /* MainViewController.swift */,
				114F8BDB2498928400FD05C7 /* MobileAppViewController.swift */,
				1197B4AD2496A8100072B074 /* MainViewController Extensions */,
			);
			path = Controllers;
			sourceTree = "<group>";
		};
		11E581C4231DB6FC00910010 = {
			isa = PBXGroup;
			children = (
				111C4DD1234A2A9B0034054C /* Shared */,
				11E581CF231DB6FC00910010 /* Shut Up */,
				11E581E7231DB6FD00910010 /* Shut Up Helper */,
				11E58204231DB82E00910010 /* Shut Up Core */,
				112A8125248C78D20077AA4B /* Debug Tools */,
				11E581E4231DB6FD00910010 /* Frameworks */,
				11E581CE231DB6FC00910010 /* Products */,
			);
			sourceTree = "<group>";
		};
		11E581CE231DB6FC00910010 /* Products */ = {
			isa = PBXGroup;
			children = (
				11E581CD231DB6FC00910010 /* Shut Up.app */,
				11E581E0231DB6FD00910010 /* Shut Up Helper.appex */,
				11E58202231DB82E00910010 /* Shut Up Core.appex */,
				112A8124248C78D20077AA4B /* Shut Up Debug Tools.app */,
			);
			name = Products;
			sourceTree = "<group>";
		};
		11E581CF231DB6FC00910010 /* Shut Up */ = {
			isa = PBXGroup;
			children = (
				11D5E7E12495B4F8000FBE99 /* Models */,
				11D5E7E22495B550000FBE99 /* Views */,
				11D5E7E32495B557000FBE99 /* Controllers */,
				116BEFFC247C34620099EE0F /* Welcome */,
				11E581D0231DB6FC00910010 /* Shut Up.entitlements */,
				11E581D2231DB6FC00910010 /* AppDelegate.swift */,
				11E581DB231DB6FD00910010 /* Info.plist */,
				11E581D9231DB6FD00910010 /* Assets.xcassets */,
			);
			path = "Shut Up";
			sourceTree = "<group>";
		};
		11E581E4231DB6FD00910010 /* Frameworks */ = {
			isa = PBXGroup;
			children = (
				11E581E5231DB6FD00910010 /* Cocoa.framework */,
			);
			name = Frameworks;
			sourceTree = "<group>";
		};
		11E581E7231DB6FD00910010 /* Shut Up Helper */ = {
			isa = PBXGroup;
			children = (
				11E58211231DFD6300910010 /* images */,
				11E581E8231DB6FD00910010 /* SafariExtensionHandler.swift */,
				11E581EF231DB6FD00910010 /* Info.plist */,
				11E581F4231DB6FD00910010 /* Shut Up Helper.entitlements */,
			);
			path = "Shut Up Helper";
			sourceTree = "<group>";
		};
		11E58204231DB82E00910010 /* Shut Up Core */ = {
			isa = PBXGroup;
			children = (
				11E58207231DB82E00910010 /* ContentBlockerRequestHandler.swift */,
				11161DC624A26EDA00F12B10 /* ContentBlockerRule.swift */,
				11161DC824A271DA00F12B10 /* ContentBlockerProvider.swift */,
				11E58209231DB82E00910010 /* Info.plist */,
				11E5820A231DB82E00910010 /* Shut Up Core.entitlements */,
			);
			path = "Shut Up Core";
			sourceTree = "<group>";
		};
		11E58211231DFD6300910010 /* images */ = {
			isa = PBXGroup;
			children = (
				11E58212231DFD7100910010 /* toolbar */,
			);
			path = images;
			sourceTree = "<group>";
		};
		11E58212231DFD7100910010 /* toolbar */ = {
			isa = PBXGroup;
			children = (
				11E58217231DFDA100910010 /* turn-off.pdf */,
				11E58218231DFDA100910010 /* turn-on.pdf */,
			);
			path = toolbar;
			sourceTree = "<group>";
		};
/* End PBXGroup section */

/* Begin PBXNativeTarget section */
		112A8123248C78D20077AA4B /* Shut Up Debug Tools */ = {
			isa = PBXNativeTarget;
			buildConfigurationList = 112A8133248C78D30077AA4B /* Build configuration list for PBXNativeTarget "Shut Up Debug Tools" */;
			buildPhases = (
				112A8120248C78D20077AA4B /* Sources */,
				112A8121248C78D20077AA4B /* Frameworks */,
				112A8122248C78D20077AA4B /* Resources */,
			);
			buildRules = (
			);
			dependencies = (
			);
			name = "Shut Up Debug Tools";
			productName = "Debug Tools";
			productReference = 112A8124248C78D20077AA4B /* Shut Up Debug Tools.app */;
			productType = "com.apple.product-type.application";
		};
		11E581CC231DB6FC00910010 /* Shut Up */ = {
			isa = PBXNativeTarget;
			buildConfigurationList = 11E581FB231DB6FD00910010 /* Build configuration list for PBXNativeTarget "Shut Up" */;
			buildPhases = (
				11E581C9231DB6FC00910010 /* Sources */,
				11E581CA231DB6FC00910010 /* Frameworks */,
				11E581CB231DB6FC00910010 /* Resources */,
				11E581FA231DB6FD00910010 /* Embed App Extensions */,
			);
			buildRules = (
			);
			dependencies = (
				11E581E3231DB6FD00910010 /* PBXTargetDependency */,
				11E5820C231DB82E00910010 /* PBXTargetDependency */,
			);
			name = "Shut Up";
			productName = shutup;
			productReference = 11E581CD231DB6FC00910010 /* Shut Up.app */;
			productType = "com.apple.product-type.application";
		};
		11E581DF231DB6FD00910010 /* Shut Up Helper */ = {
			isa = PBXNativeTarget;
			buildConfigurationList = 11E581F7231DB6FD00910010 /* Build configuration list for PBXNativeTarget "Shut Up Helper" */;
			buildPhases = (
				11E581DC231DB6FD00910010 /* Sources */,
				11E581DD231DB6FD00910010 /* Frameworks */,
				11E581DE231DB6FD00910010 /* Resources */,
			);
			buildRules = (
			);
			dependencies = (
			);
			name = "Shut Up Helper";
			productName = "shutup Extension";
			productReference = 11E581E0231DB6FD00910010 /* Shut Up Helper.appex */;
			productType = "com.apple.product-type.app-extension";
		};
		11E58201231DB82E00910010 /* Shut Up Core */ = {
			isa = PBXNativeTarget;
			buildConfigurationList = 11E5820E231DB82E00910010 /* Build configuration list for PBXNativeTarget "Shut Up Core" */;
			buildPhases = (
				11E581FE231DB82E00910010 /* Sources */,
				11E581FF231DB82E00910010 /* Frameworks */,
				11E58200231DB82E00910010 /* Resources */,
			);
			buildRules = (
			);
			dependencies = (
			);
			name = "Shut Up Core";
			productName = blocker;
			productReference = 11E58202231DB82E00910010 /* Shut Up Core.appex */;
			productType = "com.apple.product-type.app-extension";
		};
/* End PBXNativeTarget section */

/* Begin PBXProject section */
		11E581C5231DB6FC00910010 /* Project object */ = {
			isa = PBXProject;
			attributes = {
				LastSwiftUpdateCheck = 1150;
				LastUpgradeCheck = 1200;
				ORGANIZATIONNAME = "Ricky Romero";
				TargetAttributes = {
					112A8123248C78D20077AA4B = {
						CreatedOnToolsVersion = 11.5;
					};
					11E581CC231DB6FC00910010 = {
						CreatedOnToolsVersion = 10.3;
						SystemCapabilities = {
							com.apple.ApplicationGroups.Mac = {
								enabled = 1;
							};
							com.apple.HardenedRuntime = {
								enabled = 1;
							};
							com.apple.Keychain = {
								enabled = 1;
							};
						};
					};
					11E581DF231DB6FD00910010 = {
						CreatedOnToolsVersion = 10.3;
						SystemCapabilities = {
							com.apple.ApplicationGroups.Mac = {
								enabled = 1;
							};
							com.apple.HardenedRuntime = {
								enabled = 1;
							};
							com.apple.Keychain = {
								enabled = 1;
							};
						};
					};
					11E58201231DB82E00910010 = {
						CreatedOnToolsVersion = 10.3;
						SystemCapabilities = {
							com.apple.ApplicationGroups.Mac = {
								enabled = 1;
							};
							com.apple.HardenedRuntime = {
								enabled = 1;
							};
							com.apple.Keychain = {
								enabled = 1;
							};
						};
					};
				};
			};
			buildConfigurationList = 11E581C8231DB6FC00910010 /* Build configuration list for PBXProject "Shut Up" */;
			compatibilityVersion = "Xcode 9.3";
			developmentRegion = en;
			hasScannedForEncodings = 0;
			knownRegions = (
				en,
				Base,
			);
			mainGroup = 11E581C4231DB6FC00910010;
			productRefGroup = 11E581CE231DB6FC00910010 /* Products */;
			projectDirPath = "";
			projectRoot = "";
			targets = (
				11E581CC231DB6FC00910010 /* Shut Up */,
				11E581DF231DB6FD00910010 /* Shut Up Helper */,
				11E58201231DB82E00910010 /* Shut Up Core */,
				112A8123248C78D20077AA4B /* Shut Up Debug Tools */,
			);
		};
/* End PBXProject section */

/* Begin PBXResourcesBuildPhase section */
		112A8122248C78D20077AA4B /* Resources */ = {
			isa = PBXResourcesBuildPhase;
			buildActionMask = 2147483647;
			files = (
				112A812B248C78D30077AA4B /* Assets.xcassets in Resources */,
				112A8135248C79DA0077AA4B /* MainMenu.xib in Resources */,
			);
			runOnlyForDeploymentPostprocessing = 0;
		};
		11E581CB231DB6FC00910010 /* Resources */ = {
			isa = PBXResourcesBuildPhase;
			buildActionMask = 2147483647;
			files = (
				11E581DA231DB6FD00910010 /* Assets.xcassets in Resources */,
				111C4DE0234A47180034054C /* domain-whitelist.json in Resources */,
				111C4DDC234A46C10034054C /* shutup.css in Resources */,
				11E581D6231DB6FC00910010 /* Main.storyboard in Resources */,
			);
			runOnlyForDeploymentPostprocessing = 0;
		};
		11E581DE231DB6FD00910010 /* Resources */ = {
			isa = PBXResourcesBuildPhase;
			buildActionMask = 2147483647;
			files = (
				11E58219231DFDA100910010 /* turn-off.pdf in Resources */,
				11E5821A231DFDA100910010 /* turn-on.pdf in Resources */,
				111C4DDD234A46C10034054C /* shutup.css in Resources */,
				111C4DE1234A47180034054C /* domain-whitelist.json in Resources */,
			);
			runOnlyForDeploymentPostprocessing = 0;
		};
		11E58200231DB82E00910010 /* Resources */ = {
			isa = PBXResourcesBuildPhase;
			buildActionMask = 2147483647;
			files = (
				111C4DDE234A46C10034054C /* shutup.css in Resources */,
				111C4DE2234A47180034054C /* domain-whitelist.json in Resources */,
			);
			runOnlyForDeploymentPostprocessing = 0;
		};
/* End PBXResourcesBuildPhase section */

/* Begin PBXSourcesBuildPhase section */
		112A8120248C78D20077AA4B /* Sources */ = {
			isa = PBXSourcesBuildPhase;
			buildActionMask = 2147483647;
			files = (
				11E225A5248CAEA600672115 /* KeychainTableController.swift in Sources */,
				11C17A0E248C995200D2A164 /* Info.swift in Sources */,
				11C17A13248CA1F000D2A164 /* DebugToolsController.swift in Sources */,
				11C17A0D248C941700D2A164 /* Preferences.swift in Sources */,
				112A8127248C78D20077AA4B /* AppDelegate.swift in Sources */,
			);
			runOnlyForDeploymentPostprocessing = 0;
		};
		11E581C9231DB6FC00910010 /* Sources */ = {
			isa = PBXSourcesBuildPhase;
			buildActionMask = 2147483647;
			files = (
				1160244624906B2700221428 /* RelativeTime.swift in Sources */,
				11358189236FCB0F00BF7617 /* Links.swift in Sources */,
				11B92100247D6F520002C430 /* DefaultBrowserViewController.swift in Sources */,
				110C5A94247C41DD00004DFA /* EnableExtensionsViewController.swift in Sources */,
				11EF35712479F12000D5EFD2 /* Preferences.swift in Sources */,
				11D5E7E52495B5B4000FBE99 /* AddDomainCell.swift in Sources */,
				11E581D8231DB6FC00910010 /* MainViewController.swift in Sources */,
				11F288F0235CE20B00DEBCE5 /* MainWindowController.swift in Sources */,
				11FD0C26235D10FE00FC0587 /* LargeBubbleImageView.swift in Sources */,
				11B920FE247D51760002C430 /* BrowserBridge.swift in Sources */,
				117578622355876000827387 /* SetupModalController.swift in Sources */,
				1197B4B12496A8A00072B074 /* StylesheetExtension.swift in Sources */,
				110F510D247B7C9000D58266 /* DelegatingRecoverableError.swift in Sources */,
				111C4DD7234A2D040034054C /* Info.swift in Sources */,
				1197B4AF2496A8290072B074 /* PreferencesExtension.swift in Sources */,
				111C4DD3234A2ADD0034054C /* Setup.swift in Sources */,
				110FEE0E2476D07100AA0B83 /* MessagingError.swift in Sources */,
				11F903B92470F96D0012051C /* LockFile.swift in Sources */,
				1197B4B42496A8C10072B074 /* WhitelistExtension.swift in Sources */,
				1197B4B62496A9080072B074 /* BrowserExtension.swift in Sources */,
				11A34D562354E9D70008F0CA /* Crypto.swift in Sources */,
				119742CF2478DC94000AFA2D /* Stylesheet.swift in Sources */,
				11E4B0B3246D0EF3007340A4 /* EncryptedFile.swift in Sources */,
				114F8BDC2498928400FD05C7 /* MobileAppViewController.swift in Sources */,
				11E581D3231DB6FC00910010 /* AppDelegate.swift in Sources */,
				113CAF73247B08AD00311C57 /* WelcomeViewController.swift in Sources */,
				112C6B82247C669A00278E1A /* WelcomePageController.swift in Sources */,
				110FDE402499DB5E00AC5651 /* Whitelist.swift in Sources */,
			);
			runOnlyForDeploymentPostprocessing = 0;
		};
		11E581DC231DB6FD00910010 /* Sources */ = {
			isa = PBXSourcesBuildPhase;
			buildActionMask = 2147483647;
			files = (
				111C4DD8234A2D040034054C /* Info.swift in Sources */,
				11E581E9231DB6FD00910010 /* SafariExtensionHandler.swift in Sources */,
				11EF35722479F12000D5EFD2 /* Preferences.swift in Sources */,
				11A34D572354E9D70008F0CA /* Crypto.swift in Sources */,
				11E4B0B4246D0EF3007340A4 /* EncryptedFile.swift in Sources */,
				110FDE412499DB6300AC5651 /* Whitelist.swift in Sources */,
				11F903BA2470F96D0012051C /* LockFile.swift in Sources */,
				111C4DD4234A2ADD0034054C /* Setup.swift in Sources */,
				110FEE0F2476D07100AA0B83 /* MessagingError.swift in Sources */,
				119742D02478DC94000AFA2D /* Stylesheet.swift in Sources */,
			);
			runOnlyForDeploymentPostprocessing = 0;
		};
		11E581FE231DB82E00910010 /* Sources */ = {
			isa = PBXSourcesBuildPhase;
			buildActionMask = 2147483647;
			files = (
				111C4DD9234A2D040034054C /* Info.swift in Sources */,
				11E58208231DB82E00910010 /* ContentBlockerRequestHandler.swift in Sources */,
				11EF35732479F12000D5EFD2 /* Preferences.swift in Sources */,
				11A34D582354E9D70008F0CA /* Crypto.swift in Sources */,
				11E4B0B5246D0EF3007340A4 /* EncryptedFile.swift in Sources */,
				11161DC724A26EDA00F12B10 /* ContentBlockerRule.swift in Sources */,
				110FDE422499DB6300AC5651 /* Whitelist.swift in Sources */,
				11161DC924A271DA00F12B10 /* ContentBlockerProvider.swift in Sources */,
				11F903BB2470F96D0012051C /* LockFile.swift in Sources */,
				111C4DD5234A2ADD0034054C /* Setup.swift in Sources */,
				110FEE102476D07100AA0B83 /* MessagingError.swift in Sources */,
				119742D12478DC94000AFA2D /* Stylesheet.swift in Sources */,
			);
			runOnlyForDeploymentPostprocessing = 0;
		};
/* End PBXSourcesBuildPhase section */

/* Begin PBXTargetDependency section */
		11E581E3231DB6FD00910010 /* PBXTargetDependency */ = {
			isa = PBXTargetDependency;
			target = 11E581DF231DB6FD00910010 /* Shut Up Helper */;
			targetProxy = 11E581E2231DB6FD00910010 /* PBXContainerItemProxy */;
		};
		11E5820C231DB82E00910010 /* PBXTargetDependency */ = {
			isa = PBXTargetDependency;
			target = 11E58201231DB82E00910010 /* Shut Up Core */;
			targetProxy = 11E5820B231DB82E00910010 /* PBXContainerItemProxy */;
		};
/* End PBXTargetDependency section */

/* Begin PBXVariantGroup section */
		11E581D4231DB6FC00910010 /* Main.storyboard */ = {
			isa = PBXVariantGroup;
			children = (
				11E581D5231DB6FC00910010 /* Base */,
			);
			name = Main.storyboard;
			sourceTree = "<group>";
		};
/* End PBXVariantGroup section */

/* Begin XCBuildConfiguration section */
		112A8131248C78D30077AA4B /* Debug */ = {
			isa = XCBuildConfiguration;
			buildSettings = {
				ASSETCATALOG_COMPILER_APPICON_NAME = AppIcon;
				CODE_SIGN_ENTITLEMENTS = "Debug Tools/Debug_Tools.entitlements";
				CODE_SIGN_IDENTITY = "Apple Development";
				CODE_SIGN_STYLE = Automatic;
				COMBINE_HIDPI_IMAGES = YES;
				DEVELOPMENT_TEAM = TMM5P68287;
				ENABLE_HARDENED_RUNTIME = NO;
				INFOPLIST_FILE = "Debug Tools/Info.plist";
				LD_RUNPATH_SEARCH_PATHS = (
					"$(inherited)",
					"@executable_path/../Frameworks",
				);
				MACOSX_DEPLOYMENT_TARGET = 10.15;
				PRODUCT_BUNDLE_IDENTIFIER = com.rickyromero.shutup.debugtools;
				PRODUCT_NAME = "$(TARGET_NAME)";
				SWIFT_VERSION = 5.0;
			};
			name = Debug;
		};
		112A8132248C78D30077AA4B /* Release */ = {
			isa = XCBuildConfiguration;
			buildSettings = {
				ASSETCATALOG_COMPILER_APPICON_NAME = AppIcon;
				CODE_SIGN_ENTITLEMENTS = "Debug Tools/Debug_Tools.entitlements";
				CODE_SIGN_IDENTITY = "Apple Development";
				CODE_SIGN_STYLE = Automatic;
				COMBINE_HIDPI_IMAGES = YES;
				DEVELOPMENT_TEAM = TMM5P68287;
				ENABLE_HARDENED_RUNTIME = NO;
				INFOPLIST_FILE = "Debug Tools/Info.plist";
				LD_RUNPATH_SEARCH_PATHS = (
					"$(inherited)",
					"@executable_path/../Frameworks",
				);
				MACOSX_DEPLOYMENT_TARGET = 10.15;
				PRODUCT_BUNDLE_IDENTIFIER = com.rickyromero.shutup.debugtools;
				PRODUCT_NAME = "$(TARGET_NAME)";
				SWIFT_VERSION = 5.0;
			};
			name = Release;
		};
		11E581F5231DB6FD00910010 /* Debug */ = {
			isa = XCBuildConfiguration;
			buildSettings = {
				ALWAYS_SEARCH_USER_PATHS = NO;
				CLANG_ANALYZER_NONNULL = YES;
				CLANG_ANALYZER_NUMBER_OBJECT_CONVERSION = YES_AGGRESSIVE;
				CLANG_CXX_LANGUAGE_STANDARD = "gnu++14";
				CLANG_CXX_LIBRARY = "libc++";
				CLANG_ENABLE_MODULES = YES;
				CLANG_ENABLE_OBJC_ARC = YES;
				CLANG_ENABLE_OBJC_WEAK = YES;
				CLANG_WARN_BLOCK_CAPTURE_AUTORELEASING = YES;
				CLANG_WARN_BOOL_CONVERSION = YES;
				CLANG_WARN_COMMA = YES;
				CLANG_WARN_CONSTANT_CONVERSION = YES;
				CLANG_WARN_DEPRECATED_OBJC_IMPLEMENTATIONS = YES;
				CLANG_WARN_DIRECT_OBJC_ISA_USAGE = YES_ERROR;
				CLANG_WARN_DOCUMENTATION_COMMENTS = YES;
				CLANG_WARN_EMPTY_BODY = YES;
				CLANG_WARN_ENUM_CONVERSION = YES;
				CLANG_WARN_INFINITE_RECURSION = YES;
				CLANG_WARN_INT_CONVERSION = YES;
				CLANG_WARN_NON_LITERAL_NULL_CONVERSION = YES;
				CLANG_WARN_OBJC_IMPLICIT_RETAIN_SELF = YES;
				CLANG_WARN_OBJC_LITERAL_CONVERSION = YES;
				CLANG_WARN_OBJC_ROOT_CLASS = YES_ERROR;
				CLANG_WARN_QUOTED_INCLUDE_IN_FRAMEWORK_HEADER = YES;
				CLANG_WARN_RANGE_LOOP_ANALYSIS = YES;
				CLANG_WARN_STRICT_PROTOTYPES = YES;
				CLANG_WARN_SUSPICIOUS_MOVE = YES;
				CLANG_WARN_UNGUARDED_AVAILABILITY = YES_AGGRESSIVE;
				CLANG_WARN_UNREACHABLE_CODE = YES;
				CLANG_WARN__DUPLICATE_METHOD_MATCH = YES;
				CODE_SIGN_IDENTITY = "Mac Developer";
				COPY_PHASE_STRIP = NO;
				DEBUG_INFORMATION_FORMAT = dwarf;
				ENABLE_STRICT_OBJC_MSGSEND = YES;
				ENABLE_TESTABILITY = YES;
				GCC_C_LANGUAGE_STANDARD = gnu11;
				GCC_DYNAMIC_NO_PIC = NO;
				GCC_NO_COMMON_BLOCKS = YES;
				GCC_OPTIMIZATION_LEVEL = 0;
				GCC_PREPROCESSOR_DEFINITIONS = (
					"DEBUG=1",
					"$(inherited)",
				);
				GCC_WARN_64_TO_32_BIT_CONVERSION = YES;
				GCC_WARN_ABOUT_RETURN_TYPE = YES_ERROR;
				GCC_WARN_UNDECLARED_SELECTOR = YES;
				GCC_WARN_UNINITIALIZED_AUTOS = YES_AGGRESSIVE;
				GCC_WARN_UNUSED_FUNCTION = YES;
				GCC_WARN_UNUSED_VARIABLE = YES;
				MACOSX_DEPLOYMENT_TARGET = 10.12.6;
				MTL_ENABLE_DEBUG_INFO = INCLUDE_SOURCE;
				MTL_FAST_MATH = YES;
				ONLY_ACTIVE_ARCH = YES;
				SDKROOT = macosx;
				SWIFT_ACTIVE_COMPILATION_CONDITIONS = DEBUG;
				SWIFT_OPTIMIZATION_LEVEL = "-Onone";
			};
			name = Debug;
		};
		11E581F6231DB6FD00910010 /* Release */ = {
			isa = XCBuildConfiguration;
			buildSettings = {
				ALWAYS_SEARCH_USER_PATHS = NO;
				CLANG_ANALYZER_NONNULL = YES;
				CLANG_ANALYZER_NUMBER_OBJECT_CONVERSION = YES_AGGRESSIVE;
				CLANG_CXX_LANGUAGE_STANDARD = "gnu++14";
				CLANG_CXX_LIBRARY = "libc++";
				CLANG_ENABLE_MODULES = YES;
				CLANG_ENABLE_OBJC_ARC = YES;
				CLANG_ENABLE_OBJC_WEAK = YES;
				CLANG_WARN_BLOCK_CAPTURE_AUTORELEASING = YES;
				CLANG_WARN_BOOL_CONVERSION = YES;
				CLANG_WARN_COMMA = YES;
				CLANG_WARN_CONSTANT_CONVERSION = YES;
				CLANG_WARN_DEPRECATED_OBJC_IMPLEMENTATIONS = YES;
				CLANG_WARN_DIRECT_OBJC_ISA_USAGE = YES_ERROR;
				CLANG_WARN_DOCUMENTATION_COMMENTS = YES;
				CLANG_WARN_EMPTY_BODY = YES;
				CLANG_WARN_ENUM_CONVERSION = YES;
				CLANG_WARN_INFINITE_RECURSION = YES;
				CLANG_WARN_INT_CONVERSION = YES;
				CLANG_WARN_NON_LITERAL_NULL_CONVERSION = YES;
				CLANG_WARN_OBJC_IMPLICIT_RETAIN_SELF = YES;
				CLANG_WARN_OBJC_LITERAL_CONVERSION = YES;
				CLANG_WARN_OBJC_ROOT_CLASS = YES_ERROR;
				CLANG_WARN_QUOTED_INCLUDE_IN_FRAMEWORK_HEADER = YES;
				CLANG_WARN_RANGE_LOOP_ANALYSIS = YES;
				CLANG_WARN_STRICT_PROTOTYPES = YES;
				CLANG_WARN_SUSPICIOUS_MOVE = YES;
				CLANG_WARN_UNGUARDED_AVAILABILITY = YES_AGGRESSIVE;
				CLANG_WARN_UNREACHABLE_CODE = YES;
				CLANG_WARN__DUPLICATE_METHOD_MATCH = YES;
				CODE_SIGN_IDENTITY = "Mac Developer";
				COPY_PHASE_STRIP = NO;
				DEBUG_INFORMATION_FORMAT = "dwarf-with-dsym";
				ENABLE_NS_ASSERTIONS = NO;
				ENABLE_STRICT_OBJC_MSGSEND = YES;
				GCC_C_LANGUAGE_STANDARD = gnu11;
				GCC_NO_COMMON_BLOCKS = YES;
				GCC_WARN_64_TO_32_BIT_CONVERSION = YES;
				GCC_WARN_ABOUT_RETURN_TYPE = YES_ERROR;
				GCC_WARN_UNDECLARED_SELECTOR = YES;
				GCC_WARN_UNINITIALIZED_AUTOS = YES_AGGRESSIVE;
				GCC_WARN_UNUSED_FUNCTION = YES;
				GCC_WARN_UNUSED_VARIABLE = YES;
				MACOSX_DEPLOYMENT_TARGET = 10.12.6;
				MTL_ENABLE_DEBUG_INFO = NO;
				MTL_FAST_MATH = YES;
				SDKROOT = macosx;
				SWIFT_COMPILATION_MODE = wholemodule;
				SWIFT_OPTIMIZATION_LEVEL = "-O";
			};
			name = Release;
		};
		11E581F8231DB6FD00910010 /* Debug */ = {
			isa = XCBuildConfiguration;
			buildSettings = {
				CODE_SIGN_ENTITLEMENTS = "Shut Up Helper/Shut Up Helper.entitlements";
				CODE_SIGN_IDENTITY = "Apple Development";
				CODE_SIGN_STYLE = Automatic;
				CURRENT_PROJECT_VERSION = 5;
				DEVELOPMENT_TEAM = TMM5P68287;
				ENABLE_HARDENED_RUNTIME = YES;
				INFOPLIST_FILE = "$(SRCROOT)/Shut Up Helper/Info.plist";
				LD_RUNPATH_SEARCH_PATHS = (
					"$(inherited)",
					"@executable_path/../Frameworks",
					"@executable_path/../../../../Frameworks",
				);
				MARKETING_VERSION = 3.0.1;
				PRODUCT_BUNDLE_IDENTIFIER = com.rickyromero.shutup.helper;
				PRODUCT_NAME = "$(TARGET_NAME)";
				SKIP_INSTALL = YES;
				SWIFT_VERSION = 5.0;
			};
			name = Debug;
		};
		11E581F9231DB6FD00910010 /* Release */ = {
			isa = XCBuildConfiguration;
			buildSettings = {
				CODE_SIGN_ENTITLEMENTS = "Shut Up Helper/Shut Up Helper.entitlements";
				CODE_SIGN_IDENTITY = "Apple Development";
				CODE_SIGN_STYLE = Automatic;
				CURRENT_PROJECT_VERSION = 5;
				DEVELOPMENT_TEAM = TMM5P68287;
				ENABLE_HARDENED_RUNTIME = YES;
				INFOPLIST_FILE = "$(SRCROOT)/Shut Up Helper/Info.plist";
				LD_RUNPATH_SEARCH_PATHS = (
					"$(inherited)",
					"@executable_path/../Frameworks",
					"@executable_path/../../../../Frameworks",
				);
				MARKETING_VERSION = 3.0.1;
				PRODUCT_BUNDLE_IDENTIFIER = com.rickyromero.shutup.helper;
				PRODUCT_NAME = "$(TARGET_NAME)";
				SKIP_INSTALL = YES;
				SWIFT_VERSION = 5.0;
			};
			name = Release;
		};
		11E581FC231DB6FD00910010 /* Debug */ = {
			isa = XCBuildConfiguration;
			buildSettings = {
				ALWAYS_EMBED_SWIFT_STANDARD_LIBRARIES = YES;
				ASSETCATALOG_COMPILER_APPICON_NAME = AppIcon;
				CODE_SIGN_ENTITLEMENTS = "Shut Up/Shut Up.entitlements";
				CODE_SIGN_IDENTITY = "Apple Development";
				CODE_SIGN_STYLE = Automatic;
				COMBINE_HIDPI_IMAGES = YES;
				CURRENT_PROJECT_VERSION = 5;
				DEVELOPMENT_TEAM = TMM5P68287;
				ENABLE_HARDENED_RUNTIME = YES;
				INFOPLIST_FILE = "$(SRCROOT)/Shut Up/Info.plist";
				LD_RUNPATH_SEARCH_PATHS = (
					"$(inherited)",
					"@executable_path/../Frameworks",
				);
				MARKETING_VERSION = 3.0.1;
				PRODUCT_BUNDLE_IDENTIFIER = com.rickyromero.shutup;
				PRODUCT_NAME = "$(TARGET_NAME)";
				SWIFT_VERSION = 5.0;
			};
			name = Debug;
		};
		11E581FD231DB6FD00910010 /* Release */ = {
			isa = XCBuildConfiguration;
			buildSettings = {
				ALWAYS_EMBED_SWIFT_STANDARD_LIBRARIES = YES;
				ASSETCATALOG_COMPILER_APPICON_NAME = AppIcon;
				CODE_SIGN_ENTITLEMENTS = "Shut Up/Shut Up.entitlements";
				CODE_SIGN_IDENTITY = "Apple Development";
				CODE_SIGN_STYLE = Automatic;
				COMBINE_HIDPI_IMAGES = YES;
				CURRENT_PROJECT_VERSION = 5;
				DEVELOPMENT_TEAM = TMM5P68287;
				ENABLE_HARDENED_RUNTIME = YES;
				INFOPLIST_FILE = "$(SRCROOT)/Shut Up/Info.plist";
				LD_RUNPATH_SEARCH_PATHS = (
					"$(inherited)",
					"@executable_path/../Frameworks",
				);
				MARKETING_VERSION = 3.0.1;
				PRODUCT_BUNDLE_IDENTIFIER = com.rickyromero.shutup;
				PRODUCT_NAME = "$(TARGET_NAME)";
				SWIFT_VERSION = 5.0;
			};
			name = Release;
		};
		11E5820F231DB82E00910010 /* Debug */ = {
			isa = XCBuildConfiguration;
			buildSettings = {
				CODE_SIGN_ENTITLEMENTS = "Shut Up Core/Shut Up Core.entitlements";
				CODE_SIGN_IDENTITY = "Apple Development";
				CODE_SIGN_STYLE = Automatic;
				CURRENT_PROJECT_VERSION = 5;
				DEVELOPMENT_TEAM = TMM5P68287;
				ENABLE_HARDENED_RUNTIME = YES;
				INFOPLIST_FILE = "$(SRCROOT)/Shut Up Core/Info.plist";
				LD_RUNPATH_SEARCH_PATHS = (
					"$(inherited)",
					"@executable_path/../Frameworks",
					"@executable_path/../../../../Frameworks",
				);
				MARKETING_VERSION = 3.0.1;
				PRODUCT_BUNDLE_IDENTIFIER = com.rickyromero.shutup.blocker;
				PRODUCT_NAME = "$(TARGET_NAME)";
				SKIP_INSTALL = YES;
				SWIFT_VERSION = 5.0;
			};
			name = Debug;
		};
		11E58210231DB82E00910010 /* Release */ = {
			isa = XCBuildConfiguration;
			buildSettings = {
				CODE_SIGN_ENTITLEMENTS = "Shut Up Core/Shut Up Core.entitlements";
				CODE_SIGN_IDENTITY = "Apple Development";
				CODE_SIGN_STYLE = Automatic;
				CURRENT_PROJECT_VERSION = 5;
				DEVELOPMENT_TEAM = TMM5P68287;
				ENABLE_HARDENED_RUNTIME = YES;
				INFOPLIST_FILE = "$(SRCROOT)/Shut Up Core/Info.plist";
				LD_RUNPATH_SEARCH_PATHS = (
					"$(inherited)",
					"@executable_path/../Frameworks",
					"@executable_path/../../../../Frameworks",
				);
				MARKETING_VERSION = 3.0.1;
				PRODUCT_BUNDLE_IDENTIFIER = com.rickyromero.shutup.blocker;
				PRODUCT_NAME = "$(TARGET_NAME)";
				SKIP_INSTALL = YES;
				SWIFT_VERSION = 5.0;
			};
			name = Release;
		};
/* End XCBuildConfiguration section */

/* Begin XCConfigurationList section */
		112A8133248C78D30077AA4B /* Build configuration list for PBXNativeTarget "Shut Up Debug Tools" */ = {
			isa = XCConfigurationList;
			buildConfigurations = (
				112A8131248C78D30077AA4B /* Debug */,
				112A8132248C78D30077AA4B /* Release */,
			);
			defaultConfigurationIsVisible = 0;
			defaultConfigurationName = Release;
		};
		11E581C8231DB6FC00910010 /* Build configuration list for PBXProject "Shut Up" */ = {
			isa = XCConfigurationList;
			buildConfigurations = (
				11E581F5231DB6FD00910010 /* Debug */,
				11E581F6231DB6FD00910010 /* Release */,
			);
			defaultConfigurationIsVisible = 0;
			defaultConfigurationName = Release;
		};
		11E581F7231DB6FD00910010 /* Build configuration list for PBXNativeTarget "Shut Up Helper" */ = {
			isa = XCConfigurationList;
			buildConfigurations = (
				11E581F8231DB6FD00910010 /* Debug */,
				11E581F9231DB6FD00910010 /* Release */,
			);
			defaultConfigurationIsVisible = 0;
			defaultConfigurationName = Release;
		};
		11E581FB231DB6FD00910010 /* Build configuration list for PBXNativeTarget "Shut Up" */ = {
			isa = XCConfigurationList;
			buildConfigurations = (
				11E581FC231DB6FD00910010 /* Debug */,
				11E581FD231DB6FD00910010 /* Release */,
			);
			defaultConfigurationIsVisible = 0;
			defaultConfigurationName = Release;
		};
		11E5820E231DB82E00910010 /* Build configuration list for PBXNativeTarget "Shut Up Core" */ = {
			isa = XCConfigurationList;
			buildConfigurations = (
				11E5820F231DB82E00910010 /* Debug */,
				11E58210231DB82E00910010 /* Release */,
			);
			defaultConfigurationIsVisible = 0;
			defaultConfigurationName = Release;
		};
/* End XCConfigurationList section */
	};
	rootObject = 11E581C5231DB6FC00910010 /* Project object */;
}
